
Microsoft Visual Studio Solution File, Format Version 12.00
# Visual Studio Version 16
VisualStudioVersion = 16.0.31515.178
MinimumVisualStudioVersion = 10.0.40219.1
Project("{FAE04EC0-301F-11D3-BF4B-00C04F79EFBC}") = "HomeAccounting", "HomeAccounting.csproj", "{E1CAEE29-B239-4231-A916-C32C8A9D61F9}"
EndProject
Global
	GlobalSection(SolutionConfigurationPlatforms) = preSolution
		Debug|Any CPU = Debug|Any CPU
		Release|Any CPU = Release|Any CPU
	EndGlobalSection
	GlobalSection(ProjectConfigurationPlatforms) = postSolution
		{E1CAEE29-B239-4231-A916-C32C8A9D61F9}.Debug|Any CPU.ActiveCfg = Debug|Any CPU
		{E1CAEE29-B239-4231-A916-C32C8A9D61F9}.Debug|Any CPU.Build.0 = Debug|Any CPU
		{E1CAEE29-B239-4231-A916-C32C8A9D61F9}.Release|Any CPU.ActiveCfg = Release|Any CPU
		{E1CAEE29-B239-4231-A916-C32C8A9D61F9}.Release|Any CPU.Build.0 = Release|Any CPU
	EndGlobalSection
	GlobalSection(SolutionProperties) = preSolution
		HideSolutionNode = FALSE
	EndGlobalSection
	GlobalSection(ExtensibilityGlobals) = postSolution
		SolutionGuid = {69BF3490-3E1F-4BE9-85FB-322E94375F37}
	EndGlobalSection
EndGlobal
